// !$*UTF8*$!
{
	archiveVersion = 1;
	classes = {
	};
	objectVersion = 56;
	objects = {

/* Begin PBXBuildFile section */
		8416A8A129521E690000B189 /* MenuAppApp.swift in Sources */ = {isa = PBXBuildFile; fileRef = 8416A8A029521E690000B189 /* MenuAppApp.swift */; };
		8416A8A529521E6B0000B189 /* Assets.xcassets in Resources */ = {isa = PBXBuildFile; fileRef = 8416A8A429521E6B0000B189 /* Assets.xcassets */; };
		8416A8A829521E6B0000B189 /* Preview Assets.xcassets in Resources */ = {isa = PBXBuildFile; fileRef = 8416A8A729521E6B0000B189 /* Preview Assets.xcassets */; };
		8416A8B029521E9F0000B189 /* MenuItemsView.swift in Sources */ = {isa = PBXBuildFile; fileRef = 8416A8AF29521E9F0000B189 /* MenuItemsView.swift */; };
		8416A8B229521EB80000B189 /* MenuItemsOptionView.swift in Sources */ = {isa = PBXBuildFile; fileRef = 8416A8B129521EB80000B189 /* MenuItemsOptionView.swift */; };
		8416A8B429521EC70000B189 /* MenuItemDetailsView.swift in Sources */ = {isa = PBXBuildFile; fileRef = 8416A8B329521EC70000B189 /* MenuItemDetailsView.swift */; };
		8416A8B82952261F0000B189 /* RestaurantMenuItem.swift in Sources */ = {isa = PBXBuildFile; fileRef = 8416A8B72952261F0000B189 /* RestaurantMenuItem.swift */; };
		8416A8BA29522AFE0000B189 /* MenuItemSquare.swift in Sources */ = {isa = PBXBuildFile; fileRef = 8416A8B929522AFE0000B189 /* MenuItemSquare.swift */; };
		8416A8BD29522E270000B189 /* MenuViewViewModel.swift in Sources */ = {isa = PBXBuildFile; fileRef = 8416A8BC29522E270000B189 /* MenuViewViewModel.swift */; };
		8416A8C7295288350000B189 /* Ingredients.swift in Sources */ = {isa = PBXBuildFile; fileRef = 8416A8C6295288350000B189 /* Ingredients.swift */; };
		8416A8CA29528D8B0000B189 /* RestaurantMenuItemProtocol.swift in Sources */ = {isa = PBXBuildFile; fileRef = 8416A8C929528D8B0000B189 /* RestaurantMenuItemProtocol.swift */; };
		8416A8CC29528F390000B189 /* RestaurantMenuItemTest.swift in Sources */ = {isa = PBXBuildFile; fileRef = 8416A8CB29528F390000B189 /* RestaurantMenuItemTest.swift */; };
		8416A900295311870000B189 /* MenuCategory.swift in Sources */ = {isa = PBXBuildFile; fileRef = 8416A8FF295311870000B189 /* MenuCategory.swift */; };
		8416A902295312B60000B189 /* SortingBy.swift in Sources */ = {isa = PBXBuildFile; fileRef = 8416A901295312B60000B189 /* SortingBy.swift */; };
/* End PBXBuildFile section */

/* Begin PBXFileReference section */
		8416A89D29521E690000B189 /* MenuApp.app */ = {isa = PBXFileReference; explicitFileType = wrapper.application; includeInIndex = 0; path = MenuApp.app; sourceTree = BUILT_PRODUCTS_DIR; };
		8416A8A029521E690000B189 /* MenuAppApp.swift */ = {isa = PBXFileReference; lastKnownFileType = sourcecode.swift; path = MenuAppApp.swift; sourceTree = "<group>"; };
		8416A8A429521E6B0000B189 /* Assets.xcassets */ = {isa = PBXFileReference; lastKnownFileType = folder.assetcatalog; path = Assets.xcassets; sourceTree = "<group>"; };
		8416A8A729521E6B0000B189 /* Preview Assets.xcassets */ = {isa = PBXFileReference; lastKnownFileType = folder.assetcatalog; path = "Preview Assets.xcassets"; sourceTree = "<group>"; };
		8416A8AF29521E9F0000B189 /* MenuItemsView.swift */ = {isa = PBXFileReference; lastKnownFileType = sourcecode.swift; path = MenuItemsView.swift; sourceTree = "<group>"; };
		8416A8B129521EB80000B189 /* MenuItemsOptionView.swift */ = {isa = PBXFileReference; lastKnownFileType = sourcecode.swift; path = MenuItemsOptionView.swift; sourceTree = "<group>"; };
		8416A8B329521EC70000B189 /* MenuItemDetailsView.swift */ = {isa = PBXFileReference; lastKnownFileType = sourcecode.swift; path = MenuItemDetailsView.swift; sourceTree = "<group>"; };
		8416A8B72952261F0000B189 /* RestaurantMenuItem.swift */ = {isa = PBXFileReference; lastKnownFileType = sourcecode.swift; path = RestaurantMenuItem.swift; sourceTree = "<group>"; };
		8416A8B929522AFE0000B189 /* MenuItemSquare.swift */ = {isa = PBXFileReference; lastKnownFileType = sourcecode.swift; path = MenuItemSquare.swift; sourceTree = "<group>"; wrapsLines = 1; };
		8416A8BC29522E270000B189 /* MenuViewViewModel.swift */ = {isa = PBXFileReference; lastKnownFileType = sourcecode.swift; path = MenuViewViewModel.swift; sourceTree = "<group>"; };
		8416A8C6295288350000B189 /* Ingredients.swift */ = {isa = PBXFileReference; lastKnownFileType = sourcecode.swift; path = Ingredients.swift; sourceTree = "<group>"; };
		8416A8C929528D8B0000B189 /* RestaurantMenuItemProtocol.swift */ = {isa = PBXFileReference; lastKnownFileType = sourcecode.swift; path = RestaurantMenuItemProtocol.swift; sourceTree = "<group>"; };
		8416A8CB29528F390000B189 /* RestaurantMenuItemTest.swift */ = {isa = PBXFileReference; lastKnownFileType = sourcecode.swift; name = RestaurantMenuItemTest.swift; path = "MenuApp/Unit Tests/RestaurantMenuItemTest.swift"; sourceTree = SOURCE_ROOT; };
		8416A8FF295311870000B189 /* MenuCategory.swift */ = {isa = PBXFileReference; lastKnownFileType = sourcecode.swift; path = MenuCategory.swift; sourceTree = "<group>"; };
		8416A901295312B60000B189 /* SortingBy.swift */ = {isa = PBXFileReference; lastKnownFileType = sourcecode.swift; path = SortingBy.swift; sourceTree = "<group>"; };
/* End PBXFileReference section */

/* Begin PBXFrameworksBuildPhase section */
		8416A89A29521E690000B189 /* Frameworks */ = {
			isa = PBXFrameworksBuildPhase;
			buildActionMask = 2147483647;
			files = (
			);
			runOnlyForDeploymentPostprocessing = 0;
		};
/* End PBXFrameworksBuildPhase section */

/* Begin PBXGroup section */
		8416A89429521E690000B189 = {
			isa = PBXGroup;
			children = (
				8416A89F29521E690000B189 /* MenuApp */,
				8416A89E29521E690000B189 /* Products */,
			);
			sourceTree = "<group>";
		};
		8416A89E29521E690000B189 /* Products */ = {
			isa = PBXGroup;
			children = (
				8416A89D29521E690000B189 /* MenuApp.app */,
			);
			name = Products;
			sourceTree = "<group>";
		};
		8416A89F29521E690000B189 /* MenuApp */ = {
			isa = PBXGroup;
			children = (
				8416A8CD29528F4F0000B189 /* Unit Tests */,
				8416A8C829528D730000B189 /* Protocols */,
				8416A8C52952870A0000B189 /* ViewModels */,
				8416A8BE29522F5F0000B189 /* Enums */,
				8416A8B6295225E80000B189 /* Models */,
				8416A8AE29521E870000B189 /* Views */,
				8416A8A029521E690000B189 /* MenuAppApp.swift */,
				8416A8A429521E6B0000B189 /* Assets.xcassets */,
				8416A8A629521E6B0000B189 /* Preview Content */,
			);
			path = MenuApp;
			sourceTree = "<group>";
		};
		8416A8A629521E6B0000B189 /* Preview Content */ = {
			isa = PBXGroup;
			children = (
				8416A8A729521E6B0000B189 /* Preview Assets.xcassets */,
			);
			path = "Preview Content";
			sourceTree = "<group>";
		};
		8416A8AE29521E870000B189 /* Views */ = {
			isa = PBXGroup;
			children = (
				8416A8B52952219F0000B189 /* ViewComponents */,
				8416A8AF29521E9F0000B189 /* MenuItemsView.swift */,
				8416A8B129521EB80000B189 /* MenuItemsOptionView.swift */,
				8416A8B329521EC70000B189 /* MenuItemDetailsView.swift */,
			);
			path = Views;
			sourceTree = "<group>";
		};
		8416A8B52952219F0000B189 /* ViewComponents */ = {
			isa = PBXGroup;
			children = (
				8416A8B929522AFE0000B189 /* MenuItemSquare.swift */,
			);
			path = ViewComponents;
			sourceTree = "<group>";
		};
		8416A8B6295225E80000B189 /* Models */ = {
			isa = PBXGroup;
			children = (
				8416A8B72952261F0000B189 /* RestaurantMenuItem.swift */,
			);
			path = Models;
			sourceTree = "<group>";
		};
		8416A8BE29522F5F0000B189 /* Enums */ = {
			isa = PBXGroup;
			children = (
				8416A8C6295288350000B189 /* Ingredients.swift */,
				8416A8FF295311870000B189 /* MenuCategory.swift */,
				8416A901295312B60000B189 /* SortingBy.swift */,
			);
			path = Enums;
			sourceTree = "<group>";
		};
		8416A8C52952870A0000B189 /* ViewModels */ = {
			isa = PBXGroup;
			children = (
				8416A8BC29522E270000B189 /* MenuViewViewModel.swift */,
			);
			path = ViewModels;
			sourceTree = "<group>";
		};
		8416A8C829528D730000B189 /* Protocols */ = {
			isa = PBXGroup;
			children = (
				8416A8C929528D8B0000B189 /* RestaurantMenuItemProtocol.swift */,
			);
			path = Protocols;
			sourceTree = "<group>";
		};
		8416A8CD29528F4F0000B189 /* Unit Tests */ = {
			isa = PBXGroup;
			children = (
				8416A8CB29528F390000B189 /* RestaurantMenuItemTest.swift */,
			);
			path = "Unit Tests";
			sourceTree = "<group>";
		};
/* End PBXGroup section */

/* Begin PBXNativeTarget section */
		8416A89C29521E690000B189 /* MenuApp */ = {
			isa = PBXNativeTarget;
			buildConfigurationList = 8416A8AB29521E6B0000B189 /* Build configuration list for PBXNativeTarget "MenuApp" */;
			buildPhases = (
				8416A89929521E690000B189 /* Sources */,
				8416A89A29521E690000B189 /* Frameworks */,
				8416A89B29521E690000B189 /* Resources */,
			);
			buildRules = (
			);
			dependencies = (
			);
			name = MenuApp;
			productName = MenuApp;
			productReference = 8416A89D29521E690000B189 /* MenuApp.app */;
			productType = "com.apple.product-type.application";
		};
/* End PBXNativeTarget section */

/* Begin PBXProject section */
		8416A89529521E690000B189 /* Project object */ = {
			isa = PBXProject;
			attributes = {
				BuildIndependentTargetsInParallel = 1;
				LastSwiftUpdateCheck = 1400;
				LastUpgradeCheck = 1400;
				TargetAttributes = {
					8416A89C29521E690000B189 = {
						CreatedOnToolsVersion = 14.0.1;
					};
				};
			};
			buildConfigurationList = 8416A89829521E690000B189 /* Build configuration list for PBXProject "MenuApp" */;
			compatibilityVersion = "Xcode 14.0";
			developmentRegion = en;
			hasScannedForEncodings = 0;
			knownRegions = (
				en,
				Base,
			);
			mainGroup = 8416A89429521E690000B189;
			productRefGroup = 8416A89E29521E690000B189 /* Products */;
			projectDirPath = "";
			projectRoot = "";
			targets = (
				8416A89C29521E690000B189 /* MenuApp */,
			);
		};
/* End PBXProject section */

/* Begin PBXResourcesBuildPhase section */
		8416A89B29521E690000B189 /* Resources */ = {
			isa = PBXResourcesBuildPhase;
			buildActionMask = 2147483647;
			files = (
				8416A8A829521E6B0000B189 /* Preview Assets.xcassets in Resources */,
				8416A8A529521E6B0000B189 /* Assets.xcassets in Resources */,
			);
			runOnlyForDeploymentPostprocessing = 0;
		};
/* End PBXResourcesBuildPhase section */

/* Begin PBXSourcesBuildPhase section */
		8416A89929521E690000B189 /* Sources */ = {
			isa = PBXSourcesBuildPhase;
			buildActionMask = 2147483647;
			files = (
				8416A8CC29528F390000B189 /* RestaurantMenuItemTest.swift in Sources */,
				8416A8B029521E9F0000B189 /* MenuItemsView.swift in Sources */,
				8416A8B82952261F0000B189 /* RestaurantMenuItem.swift in Sources */,
				8416A902295312B60000B189 /* SortingBy.swift in Sources */,
				8416A8C7295288350000B189 /* Ingredients.swift in Sources */,
				8416A8A129521E690000B189 /* MenuAppApp.swift in Sources */,
				8416A8B229521EB80000B189 /* MenuItemsOptionView.swift in Sources */,
				8416A8CA29528D8B0000B189 /* RestaurantMenuItemProtocol.swift in Sources */,
				8416A8BA29522AFE0000B189 /* MenuItemSquare.swift in Sources */,
				8416A8B429521EC70000B189 /* MenuItemDetailsView.swift in Sources */,
				8416A8BD29522E270000B189 /* MenuViewViewModel.swift in Sources */,
				8416A900295311870000B189 /* MenuCategory.swift in Sources */,
			);
			runOnlyForDeploymentPostprocessing = 0;
		};
/* End PBXSourcesBuildPhase section */

/* Begin XCBuildConfiguration section */
		8416A8A929521E6B0000B189 /* Debug */ = {
			isa = XCBuildConfiguration;
			buildSettings = {
				ALWAYS_SEARCH_USER_PATHS = NO;
				CLANG_ANALYZER_NONNULL = YES;
				CLANG_ANALYZER_NUMBER_OBJECT_CONVERSION = YES_AGGRESSIVE;
				CLANG_CXX_LANGUAGE_STANDARD = "gnu++20";
				CLANG_ENABLE_MODULES = YES;
				CLANG_ENABLE_OBJC_ARC = YES;
				CLANG_ENABLE_OBJC_WEAK = YES;
				CLANG_WARN_BLOCK_CAPTURE_AUTORELEASING = YES;
				CLANG_WARN_BOOL_CONVERSION = YES;
				CLANG_WARN_COMMA = YES;
				CLANG_WARN_CONSTANT_CONVERSION = YES;
				CLANG_WARN_DEPRECATED_OBJC_IMPLEMENTATIONS = YES;
				CLANG_WARN_DIRECT_OBJC_ISA_USAGE = YES_ERROR;
				CLANG_WARN_DOCUMENTATION_COMMENTS = YES;
				CLANG_WARN_EMPTY_BODY = YES;
				CLANG_WARN_ENUM_CONVERSION = YES;
				CLANG_WARN_INFINITE_RECURSION = YES;
				CLANG_WARN_INT_CONVERSION = YES;
				CLANG_WARN_NON_LITERAL_NULL_CONVERSION = YES;
				CLANG_WARN_OBJC_IMPLICIT_RETAIN_SELF = YES;
				CLANG_WARN_OBJC_LITERAL_CONVERSION = YES;
				CLANG_WARN_OBJC_ROOT_CLASS = YES_ERROR;
				CLANG_WARN_QUOTED_INCLUDE_IN_FRAMEWORK_HEADER = YES;
				CLANG_WARN_RANGE_LOOP_ANALYSIS = YES;
				CLANG_WARN_STRICT_PROTOTYPES = YES;
				CLANG_WARN_SUSPICIOUS_MOVE = YES;
				CLANG_WARN_UNGUARDED_AVAILABILITY = YES_AGGRESSIVE;
				CLANG_WARN_UNREACHABLE_CODE = YES;
				CLANG_WARN__DUPLICATE_METHOD_MATCH = YES;
				COPY_PHASE_STRIP = NO;
				DEBUG_INFORMATION_FORMAT = dwarf;
				ENABLE_STRICT_OBJC_MSGSEND = YES;
				ENABLE_TESTABILITY = YES;
				GCC_C_LANGUAGE_STANDARD = gnu11;
				GCC_DYNAMIC_NO_PIC = NO;
				GCC_NO_COMMON_BLOCKS = YES;
				GCC_OPTIMIZATION_LEVEL = 0;
				GCC_PREPROCESSOR_DEFINITIONS = (
					"DEBUG=1",
					"$(inherited)",
				);
				GCC_WARN_64_TO_32_BIT_CONVERSION = YES;
				GCC_WARN_ABOUT_RETURN_TYPE = YES_ERROR;
				GCC_WARN_UNDECLARED_SELECTOR = YES;
				GCC_WARN_UNINITIALIZED_AUTOS = YES_AGGRESSIVE;
				GCC_WARN_UNUSED_FUNCTION = YES;
				GCC_WARN_UNUSED_VARIABLE = YES;
				IPHONEOS_DEPLOYMENT_TARGET = 16.0;
				MTL_ENABLE_DEBUG_INFO = INCLUDE_SOURCE;
				MTL_FAST_MATH = YES;
				ONLY_ACTIVE_ARCH = YES;
				SDKROOT = iphoneos;
				SWIFT_ACTIVE_COMPILATION_CONDITIONS = DEBUG;
				SWIFT_OPTIMIZATION_LEVEL = "-Onone";
			};
			name = Debug;
		};
		8416A8AA29521E6B0000B189 /* Release */ = {
			isa = XCBuildConfiguration;
			buildSettings = {
				ALWAYS_SEARCH_USER_PATHS = NO;
				CLANG_ANALYZER_NONNULL = YES;
				CLANG_ANALYZER_NUMBER_OBJECT_CONVERSION = YES_AGGRESSIVE;
				CLANG_CXX_LANGUAGE_STANDARD = "gnu++20";
				CLANG_ENABLE_MODULES = YES;
				CLANG_ENABLE_OBJC_ARC = YES;
				CLANG_ENABLE_OBJC_WEAK = YES;
				CLANG_WARN_BLOCK_CAPTURE_AUTORELEASING = YES;
				CLANG_WARN_BOOL_CONVERSION = YES;
				CLANG_WARN_COMMA = YES;
				CLANG_WARN_CONSTANT_CONVERSION = YES;
				CLANG_WARN_DEPRECATED_OBJC_IMPLEMENTATIONS = YES;
				CLANG_WARN_DIRECT_OBJC_ISA_USAGE = YES_ERROR;
				CLANG_WARN_DOCUMENTATION_COMMENTS = YES;
				CLANG_WARN_EMPTY_BODY = YES;
				CLANG_WARN_ENUM_CONVERSION = YES;
				CLANG_WARN_INFINITE_RECURSION = YES;
				CLANG_WARN_INT_CONVERSION = YES;
				CLANG_WARN_NON_LITERAL_NULL_CONVERSION = YES;
				CLANG_WARN_OBJC_IMPLICIT_RETAIN_SELF = YES;
				CLANG_WARN_OBJC_LITERAL_CONVERSION = YES;
				CLANG_WARN_OBJC_ROOT_CLASS = YES_ERROR;
				CLANG_WARN_QUOTED_INCLUDE_IN_FRAMEWORK_HEADER = YES;
				CLANG_WARN_RANGE_LOOP_ANALYSIS = YES;
				CLANG_WARN_STRICT_PROTOTYPES = YES;
				CLANG_WARN_SUSPICIOUS_MOVE = YES;
				CLANG_WARN_UNGUARDED_AVAILABILITY = YES_AGGRESSIVE;
				CLANG_WARN_UNREACHABLE_CODE = YES;
				CLANG_WARN__DUPLICATE_METHOD_MATCH = YES;
				COPY_PHASE_STRIP = NO;
				DEBUG_INFORMATION_FORMAT = "dwarf-with-dsym";
				ENABLE_NS_ASSERTIONS = NO;
				ENABLE_STRICT_OBJC_MSGSEND = YES;
				GCC_C_LANGUAGE_STANDARD = gnu11;
				GCC_NO_COMMON_BLOCKS = YES;
				GCC_WARN_64_TO_32_BIT_CONVERSION = YES;
				GCC_WARN_ABOUT_RETURN_TYPE = YES_ERROR;
				GCC_WARN_UNDECLARED_SELECTOR = YES;
				GCC_WARN_UNINITIALIZED_AUTOS = YES_AGGRESSIVE;
				GCC_WARN_UNUSED_FUNCTION = YES;
				GCC_WARN_UNUSED_VARIABLE = YES;
				IPHONEOS_DEPLOYMENT_TARGET = 16.0;
				MTL_ENABLE_DEBUG_INFO = NO;
				MTL_FAST_MATH = YES;
				SDKROOT = iphoneos;
				SWIFT_COMPILATION_MODE = wholemodule;
				SWIFT_OPTIMIZATION_LEVEL = "-O";
				VALIDATE_PRODUCT = YES;
			};
			name = Release;
		};
		8416A8AC29521E6B0000B189 /* Debug */ = {
			isa = XCBuildConfiguration;
			buildSettings = {
				ASSETCATALOG_COMPILER_APPICON_NAME = AppIcon;
				ASSETCATALOG_COMPILER_GLOBAL_ACCENT_COLOR_NAME = AccentColor;
				CODE_SIGN_STYLE = Automatic;
				CURRENT_PROJECT_VERSION = 1;
				DEVELOPMENT_ASSET_PATHS = "\"MenuApp/Preview Content\"";
				DEVELOPMENT_TEAM = NSGR7B3297;
				ENABLE_PREVIEWS = YES;
				GENERATE_INFOPLIST_FILE = YES;
				INFOPLIST_FILE = MenuApp/Info.plist;
				INFOPLIST_KEY_UIApplicationSceneManifest_Generation = YES;
				INFOPLIST_KEY_UIApplicationSupportsIndirectInputEvents = YES;
				INFOPLIST_KEY_UILaunchScreen_Generation = YES;
				INFOPLIST_KEY_UISupportedInterfaceOrientations_iPad = "UIInterfaceOrientationPortrait UIInterfaceOrientationPortraitUpsideDown UIInterfaceOrientationLandscapeLeft UIInterfaceOrientationLandscapeRight";
				INFOPLIST_KEY_UISupportedInterfaceOrientations_iPhone = "UIInterfaceOrientationPortrait UIInterfaceOrientationLandscapeLeft UIInterfaceOrientationLandscapeRight";
				LD_RUNPATH_SEARCH_PATHS = (
					"$(inherited)",
					"@executable_path/Frameworks",
				);
				MARKETING_VERSION = 1.0;
				PRODUCT_BUNDLE_IDENTIFIER = lolmeherti.MenuApp;
				PRODUCT_NAME = "$(TARGET_NAME)";
				SWIFT_EMIT_LOC_STRINGS = YES;
				SWIFT_VERSION = 5.0;
				TARGETED_DEVICE_FAMILY = "1,2";
			};
			name = Debug;
		};
		8416A8AD29521E6B0000B189 /* Release */ = {
			isa = XCBuildConfiguration;
			buildSettings = {
				ASSETCATALOG_COMPILER_APPICON_NAME = AppIcon;
				ASSETCATALOG_COMPILER_GLOBAL_ACCENT_COLOR_NAME = AccentColor;
				CODE_SIGN_STYLE = Automatic;
				CURRENT_PROJECT_VERSION = 1;
				DEVELOPMENT_ASSET_PATHS = "\"MenuApp/Preview Content\"";
				DEVELOPMENT_TEAM = NSGR7B3297;
				ENABLE_PREVIEWS = YES;
				GENERATE_INFOPLIST_FILE = YES;
				INFOPLIST_FILE = MenuApp/Info.plist;
				INFOPLIST_KEY_UIApplicationSceneManifest_Generation = YES;
				INFOPLIST_KEY_UIApplicationSupportsIndirectInputEvents = YES;
				INFOPLIST_KEY_UILaunchScreen_Generation = YES;
				INFOPLIST_KEY_UISupportedInterfaceOrientations_iPad = "UIInterfaceOrientationPortrait UIInterfaceOrientationPortraitUpsideDown UIInterfaceOrientationLandscapeLeft UIInterfaceOrientationLandscapeRight";
				INFOPLIST_KEY_UISupportedInterfaceOrientations_iPhone = "UIInterfaceOrientationPortrait UIInterfaceOrientationLandscapeLeft UIInterfaceOrientationLandscapeRight";
				LD_RUNPATH_SEARCH_PATHS = (
					"$(inherited)",
					"@executable_path/Frameworks",
				);
				MARKETING_VERSION = 1.0;
				PRODUCT_BUNDLE_IDENTIFIER = lolmeherti.MenuApp;
				PRODUCT_NAME = "$(TARGET_NAME)";
				SWIFT_EMIT_LOC_STRINGS = YES;
				SWIFT_VERSION = 5.0;
				TARGETED_DEVICE_FAMILY = "1,2";
			};
			name = Release;
		};
/* End XCBuildConfiguration section */

/* Begin XCConfigurationList section */
		8416A89829521E690000B189 /* Build configuration list for PBXProject "MenuApp" */ = {
			isa = XCConfigurationList;
			buildConfigurations = (
				8416A8A929521E6B0000B189 /* Debug */,
				8416A8AA29521E6B0000B189 /* Release */,
			);
			defaultConfigurationIsVisible = 0;
			defaultConfigurationName = Release;
		};
		8416A8AB29521E6B0000B189 /* Build configuration list for PBXNativeTarget "MenuApp" */ = {
			isa = XCConfigurationList;
			buildConfigurations = (
				8416A8AC29521E6B0000B189 /* Debug */,
				8416A8AD29521E6B0000B189 /* Release */,
			);
			defaultConfigurationIsVisible = 0;
			defaultConfigurationName = Release;
		};
/* End XCConfigurationList section */
	};
	rootObject = 8416A89529521E690000B189 /* Project object */;
}
